
Microsoft Visual Studio Solution File, Format Version 12.00
# Visual Studio 15
VisualStudioVersion = 15.0.27703.2000
MinimumVisualStudioVersion = 10.0.40219.1
Project("{FAE04EC0-301F-11D3-BF4B-00C04F79EFBC}") = "AzureFilesApp", "AzureFilesApp\AzureFilesApp.csproj", "{62ACC293-0403-482E-941D-83ED4FE54157}"
EndProject
Global
	GlobalSection(SolutionConfigurationPlatforms) = preSolution
		Debug|Any CPU = Debug|Any CPU
		Release|Any CPU = Release|Any CPU
	EndGlobalSection
	GlobalSection(ProjectConfigurationPlatforms) = postSolution
		{62ACC293-0403-482E-941D-83ED4FE54157}.Debug|Any CPU.ActiveCfg = Debug|Any CPU
		{62ACC293-0403-482E-941D-83ED4FE54157}.Debug|Any CPU.Build.0 = Debug|Any CPU
		{62ACC293-0403-482E-941D-83ED4FE54157}.Release|Any CPU.ActiveCfg = Release|Any CPU
		{62ACC293-0403-482E-941D-83ED4FE54157}.Release|Any CPU.Build.0 = Release|Any CPU
	EndGlobalSection
	GlobalSection(SolutionProperties) = preSolution
		HideSolutionNode = FALSE
	EndGlobalSection
	GlobalSection(ExtensibilityGlobals) = postSolution
		SolutionGuid = {F8EFE70E-C61E-4E84-97DF-32E4AE5A8551}
	EndGlobalSection
EndGlobal
